
Microsoft Visual Studio Solution File, Format Version 12.00
# Visual Studio Version 16
VisualStudioVersion = 16.0.30804.86
MinimumVisualStudioVersion = 10.0.40219.1
Project("{9A19103F-16F7-4668-BE54-9A1E7A4F7556}") = "VotingSystem.Core", "src\VotingSystem.Core\VotingSystem.Core.csproj", "{D7965C44-1D25-47F5-AC3D-5077DBE34D0F}"
EndProject
Project("{9A19103F-16F7-4668-BE54-9A1E7A4F7556}") = "VotingSystem.Application", "src\VotingSystem.Application\VotingSystem.Application.csproj", "{0E598A6F-2CDC-41B8-B1B1-825654131E46}"
EndProject
Project("{9A19103F-16F7-4668-BE54-9A1E7A4F7556}") = "VotingSystem.Persistence", "src\VotingSystem.Persistence\VotingSystem.Persistence.csproj", "{9326BEAC-48CC-43E1-A285-9D02A75BC92A}"
EndProject
Project("{9A19103F-16F7-4668-BE54-9A1E7A4F7556}") = "VotingSystem.Persistence.InMemory", "src\VotingSystem.Persistence.InMemory\VotingSystem.Persistence.InMemory.csproj", "{6D20FC40-93B8-48F0-BC64-3845F3469900}"
EndProject
Project("{9A19103F-16F7-4668-BE54-9A1E7A4F7556}") = "VotingSystem.ConsoleApp", "src\VotingSystem.ConsoleApp\VotingSystem.ConsoleApp.csproj", "{EE7E068F-10EA-48C6-99C2-3495A4BED07F}"
EndProject
Project("{9A19103F-16F7-4668-BE54-9A1E7A4F7556}") = "VotingSystem.WebApi", "src\VotingSystem.WebApi\VotingSystem.WebApi.csproj", "{559C222F-B922-4A9F-B91C-C57218F1516B}"
EndProject
Project("{2150E333-8FDC-42A3-9474-1A3956D46DE8}") = "src", "src", "{24446358-2F28-4E64-9EF2-1E48CE201DF1}"
EndProject
Project("{2150E333-8FDC-42A3-9474-1A3956D46DE8}") = "tests", "tests", "{1DAF91A5-F39F-478C-AFD7-5CFAF34C16C8}"
EndProject
Project("{FAE04EC0-301F-11D3-BF4B-00C04F79EFBC}") = "VotingSystem.Application.Tests.Unit", "tests\VotingSystem.Application.Tests.Unit\VotingSystem.Application.Tests.Unit.csproj", "{3B4C5011-4543-4D90-B36A-2D7EC1B5120F}"
EndProject
Project("{FAE04EC0-301F-11D3-BF4B-00C04F79EFBC}") = "VotingSystem.Application.Tests.Integration", "tests\VotingSystem.Application.Tests.Integration\VotingSystem.Application.Tests.Integration.csproj", "{00D93C3F-09B6-40F5-9CC3-EB24015D32AF}"
EndProject
Project("{FAE04EC0-301F-11D3-BF4B-00C04F79EFBC}") = "VotingSystem.IoC", "src\VotingSystem.IoC\VotingSystem.IoC.csproj", "{81C2AAD5-194A-4FCF-9C02-06C6EC017C36}"
EndProject
Project("{FAE04EC0-301F-11D3-BF4B-00C04F79EFBC}") = "VotingSystem.Persistence.Dapper", "src\VotingSystem.Persistence.Dapper\VotingSystem.Persistence.Dapper.csproj", "{806C8A31-8691-496B-BDD9-72975B5C4DE7}"
EndProject
Global
	GlobalSection(SolutionConfigurationPlatforms) = preSolution
		Debug|Any CPU = Debug|Any CPU
		Release|Any CPU = Release|Any CPU
	EndGlobalSection
	GlobalSection(ProjectConfigurationPlatforms) = postSolution
		{D7965C44-1D25-47F5-AC3D-5077DBE34D0F}.Debug|Any CPU.ActiveCfg = Debug|Any CPU
		{D7965C44-1D25-47F5-AC3D-5077DBE34D0F}.Debug|Any CPU.Build.0 = Debug|Any CPU
		{D7965C44-1D25-47F5-AC3D-5077DBE34D0F}.Release|Any CPU.ActiveCfg = Release|Any CPU
		{D7965C44-1D25-47F5-AC3D-5077DBE34D0F}.Release|Any CPU.Build.0 = Release|Any CPU
		{0E598A6F-2CDC-41B8-B1B1-825654131E46}.Debug|Any CPU.ActiveCfg = Debug|Any CPU
		{0E598A6F-2CDC-41B8-B1B1-825654131E46}.Debug|Any CPU.Build.0 = Debug|Any CPU
		{0E598A6F-2CDC-41B8-B1B1-825654131E46}.Release|Any CPU.ActiveCfg = Release|Any CPU
		{0E598A6F-2CDC-41B8-B1B1-825654131E46}.Release|Any CPU.Build.0 = Release|Any CPU
		{9326BEAC-48CC-43E1-A285-9D02A75BC92A}.Debug|Any CPU.ActiveCfg = Debug|Any CPU
		{9326BEAC-48CC-43E1-A285-9D02A75BC92A}.Debug|Any CPU.Build.0 = Debug|Any CPU
		{9326BEAC-48CC-43E1-A285-9D02A75BC92A}.Release|Any CPU.ActiveCfg = Release|Any CPU
		{9326BEAC-48CC-43E1-A285-9D02A75BC92A}.Release|Any CPU.Build.0 = Release|Any CPU
		{6D20FC40-93B8-48F0-BC64-3845F3469900}.Debug|Any CPU.ActiveCfg = Debug|Any CPU
		{6D20FC40-93B8-48F0-BC64-3845F3469900}.Debug|Any CPU.Build.0 = Debug|Any CPU
		{6D20FC40-93B8-48F0-BC64-3845F3469900}.Release|Any CPU.ActiveCfg = Release|Any CPU
		{6D20FC40-93B8-48F0-BC64-3845F3469900}.Release|Any CPU.Build.0 = Release|Any CPU
		{EE7E068F-10EA-48C6-99C2-3495A4BED07F}.Debug|Any CPU.ActiveCfg = Debug|Any CPU
		{EE7E068F-10EA-48C6-99C2-3495A4BED07F}.Debug|Any CPU.Build.0 = Debug|Any CPU
		{EE7E068F-10EA-48C6-99C2-3495A4BED07F}.Release|Any CPU.ActiveCfg = Release|Any CPU
		{EE7E068F-10EA-48C6-99C2-3495A4BED07F}.Release|Any CPU.Build.0 = Release|Any CPU
		{559C222F-B922-4A9F-B91C-C57218F1516B}.Debug|Any CPU.ActiveCfg = Debug|Any CPU
		{559C222F-B922-4A9F-B91C-C57218F1516B}.Debug|Any CPU.Build.0 = Debug|Any CPU
		{559C222F-B922-4A9F-B91C-C57218F1516B}.Release|Any CPU.ActiveCfg = Release|Any CPU
		{559C222F-B922-4A9F-B91C-C57218F1516B}.Release|Any CPU.Build.0 = Release|Any CPU
		{3B4C5011-4543-4D90-B36A-2D7EC1B5120F}.Debug|Any CPU.ActiveCfg = Debug|Any CPU
		{3B4C5011-4543-4D90-B36A-2D7EC1B5120F}.Debug|Any CPU.Build.0 = Debug|Any CPU
		{3B4C5011-4543-4D90-B36A-2D7EC1B5120F}.Release|Any CPU.ActiveCfg = Release|Any CPU
		{3B4C5011-4543-4D90-B36A-2D7EC1B5120F}.Release|Any CPU.Build.0 = Release|Any CPU
		{00D93C3F-09B6-40F5-9CC3-EB24015D32AF}.Debug|Any CPU.ActiveCfg = Debug|Any CPU
		{00D93C3F-09B6-40F5-9CC3-EB24015D32AF}.Debug|Any CPU.Build.0 = Debug|Any CPU
		{00D93C3F-09B6-40F5-9CC3-EB24015D32AF}.Release|Any CPU.ActiveCfg = Release|Any CPU
		{00D93C3F-09B6-40F5-9CC3-EB24015D32AF}.Release|Any CPU.Build.0 = Release|Any CPU
		{81C2AAD5-194A-4FCF-9C02-06C6EC017C36}.Debug|Any CPU.ActiveCfg = Debug|Any CPU
		{81C2AAD5-194A-4FCF-9C02-06C6EC017C36}.Debug|Any CPU.Build.0 = Debug|Any CPU
		{81C2AAD5-194A-4FCF-9C02-06C6EC017C36}.Release|Any CPU.ActiveCfg = Release|Any CPU
		{81C2AAD5-194A-4FCF-9C02-06C6EC017C36}.Release|Any CPU.Build.0 = Release|Any CPU
		{806C8A31-8691-496B-BDD9-72975B5C4DE7}.Debug|Any CPU.ActiveCfg = Debug|Any CPU
		{806C8A31-8691-496B-BDD9-72975B5C4DE7}.Debug|Any CPU.Build.0 = Debug|Any CPU
		{806C8A31-8691-496B-BDD9-72975B5C4DE7}.Release|Any CPU.ActiveCfg = Release|Any CPU
		{806C8A31-8691-496B-BDD9-72975B5C4DE7}.Release|Any CPU.Build.0 = Release|Any CPU
	EndGlobalSection
	GlobalSection(SolutionProperties) = preSolution
		HideSolutionNode = FALSE
	EndGlobalSection
	GlobalSection(NestedProjects) = preSolution
		{D7965C44-1D25-47F5-AC3D-5077DBE34D0F} = {24446358-2F28-4E64-9EF2-1E48CE201DF1}
		{0E598A6F-2CDC-41B8-B1B1-825654131E46} = {24446358-2F28-4E64-9EF2-1E48CE201DF1}
		{9326BEAC-48CC-43E1-A285-9D02A75BC92A} = {24446358-2F28-4E64-9EF2-1E48CE201DF1}
		{6D20FC40-93B8-48F0-BC64-3845F3469900} = {24446358-2F28-4E64-9EF2-1E48CE201DF1}
		{EE7E068F-10EA-48C6-99C2-3495A4BED07F} = {24446358-2F28-4E64-9EF2-1E48CE201DF1}
		{559C222F-B922-4A9F-B91C-C57218F1516B} = {24446358-2F28-4E64-9EF2-1E48CE201DF1}
		{3B4C5011-4543-4D90-B36A-2D7EC1B5120F} = {1DAF91A5-F39F-478C-AFD7-5CFAF34C16C8}
		{00D93C3F-09B6-40F5-9CC3-EB24015D32AF} = {1DAF91A5-F39F-478C-AFD7-5CFAF34C16C8}
		{81C2AAD5-194A-4FCF-9C02-06C6EC017C36} = {24446358-2F28-4E64-9EF2-1E48CE201DF1}
		{806C8A31-8691-496B-BDD9-72975B5C4DE7} = {24446358-2F28-4E64-9EF2-1E48CE201DF1}
	EndGlobalSection
	GlobalSection(ExtensibilityGlobals) = postSolution
		SolutionGuid = {98B487C3-8082-44AA-9628-213640AE11FA}
	EndGlobalSection
EndGlobal
